
Microsoft Visual Studio Solution File, Format Version 12.00
# Visual Studio 14
VisualStudioVersion = 14.0.25420.1
MinimumVisualStudioVersion = 10.0.40219.1
Project("{2150E333-8FDC-42A3-9474-1A3956D46DE8}") = "src", "src", "{A0374870-ECB8-42B6-96DA-8BA2752D9D24}"
EndProject
Project("{2150E333-8FDC-42A3-9474-1A3956D46DE8}") = "Solution Items", "Solution Items", "{227926F5-7FDE-4C28-8983-E5071A391002}"
	ProjectSection(SolutionItems) = preProject
		global.json = global.json
	EndProjectSection
EndProject
Project("{8BB2217D-0F2D-49D1-97BC-3654ED321F3B}") = "AngularRouting", "src\AngularRouting\AngularRouting.xproj", "{2B14585E-6C97-489A-8546-147108F5DBDF}"
EndProject
Global
	GlobalSection(SolutionConfigurationPlatforms) = preSolution
		Debug|Any CPU = Debug|Any CPU
		Release|Any CPU = Release|Any CPU
	EndGlobalSection
	GlobalSection(ProjectConfigurationPlatforms) = postSolution
		{2B14585E-6C97-489A-8546-147108F5DBDF}.Debug|Any CPU.ActiveCfg = Debug|Any CPU
		{2B14585E-6C97-489A-8546-147108F5DBDF}.Debug|Any CPU.Build.0 = Debug|Any CPU
		{2B14585E-6C97-489A-8546-147108F5DBDF}.Release|Any CPU.ActiveCfg = Release|Any CPU
		{2B14585E-6C97-489A-8546-147108F5DBDF}.Release|Any CPU.Build.0 = Release|Any CPU
	EndGlobalSection
	GlobalSection(SolutionProperties) = preSolution
		HideSolutionNode = FALSE
	EndGlobalSection
	GlobalSection(NestedProjects) = preSolution
		{2B14585E-6C97-489A-8546-147108F5DBDF} = {A0374870-ECB8-42B6-96DA-8BA2752D9D24}
	EndGlobalSection
EndGlobal
